
Microsoft Visual Studio Solution File, Format Version 12.00
# Visual Studio Version 16
VisualStudioVersion = 16.0.31624.102
MinimumVisualStudioVersion = 10.0.40219.1
Project("{8BC9CEB8-8B4A-11D0-8D11-00A0C91BC942}") = "dl2_ddraw", "dl2_ddraw\dl2_ddraw.vcxproj", "{9AD9FBCE-C282-4018-8661-599861223FBC}"
EndProject
Global
	GlobalSection(SolutionConfigurationPlatforms) = preSolution
		Debug_Demo|x64 = Debug_Demo|x64
		Debug_Demo|x86 = Debug_Demo|x86
		Debug|x64 = Debug|x64
		Debug|x86 = Debug|x86
		Debug288|x64 = Debug288|x64
		Debug288|x86 = Debug288|x86
		Release_Demo|x64 = Release_Demo|x64
		Release_Demo|x86 = Release_Demo|x86
		Release|x64 = Release|x64
		Release|x86 = Release|x86
		Release288|x64 = Release288|x64
		Release288|x86 = Release288|x86
	EndGlobalSection
	GlobalSection(ProjectConfigurationPlatforms) = postSolution
		{9AD9FBCE-C282-4018-8661-599861223FBC}.Debug_Demo|x64.ActiveCfg = Debug_Demo|x64
		{9AD9FBCE-C282-4018-8661-599861223FBC}.Debug_Demo|x64.Build.0 = Debug_Demo|x64
		{9AD9FBCE-C282-4018-8661-599861223FBC}.Debug_Demo|x86.ActiveCfg = Debug_Demo|Win32
		{9AD9FBCE-C282-4018-8661-599861223FBC}.Debug_Demo|x86.Build.0 = Debug_Demo|Win32
		{9AD9FBCE-C282-4018-8661-599861223FBC}.Debug|x64.ActiveCfg = Debug256|x64
		{9AD9FBCE-C282-4018-8661-599861223FBC}.Debug|x64.Build.0 = Debug256|x64
		{9AD9FBCE-C282-4018-8661-599861223FBC}.Debug|x86.ActiveCfg = Debug256|Win32
		{9AD9FBCE-C282-4018-8661-599861223FBC}.Debug|x86.Build.0 = Debug256|Win32
		{9AD9FBCE-C282-4018-8661-599861223FBC}.Debug288|x64.ActiveCfg = Debug288|x64
		{9AD9FBCE-C282-4018-8661-599861223FBC}.Debug288|x64.Build.0 = Debug288|x64
		{9AD9FBCE-C282-4018-8661-599861223FBC}.Debug288|x86.ActiveCfg = Debug288|Win32
		{9AD9FBCE-C282-4018-8661-599861223FBC}.Debug288|x86.Build.0 = Debug288|Win32
		{9AD9FBCE-C282-4018-8661-599861223FBC}.Release_Demo|x64.ActiveCfg = Release_Demo|x64
		{9AD9FBCE-C282-4018-8661-599861223FBC}.Release_Demo|x64.Build.0 = Release_Demo|x64
		{9AD9FBCE-C282-4018-8661-599861223FBC}.Release_Demo|x86.ActiveCfg = Release_Demo|Win32
		{9AD9FBCE-C282-4018-8661-599861223FBC}.Release_Demo|x86.Build.0 = Release_Demo|Win32
		{9AD9FBCE-C282-4018-8661-599861223FBC}.Release|x64.ActiveCfg = Release256|x64
		{9AD9FBCE-C282-4018-8661-599861223FBC}.Release|x64.Build.0 = Release256|x64
		{9AD9FBCE-C282-4018-8661-599861223FBC}.Release|x86.ActiveCfg = Release256|Win32
		{9AD9FBCE-C282-4018-8661-599861223FBC}.Release|x86.Build.0 = Release256|Win32
		{9AD9FBCE-C282-4018-8661-599861223FBC}.Release288|x64.ActiveCfg = Release288|x64
		{9AD9FBCE-C282-4018-8661-599861223FBC}.Release288|x64.Build.0 = Release288|x64
		{9AD9FBCE-C282-4018-8661-599861223FBC}.Release288|x86.ActiveCfg = Debug256|Win32
		{9AD9FBCE-C282-4018-8661-599861223FBC}.Release288|x86.Build.0 = Debug256|Win32
	EndGlobalSection
	GlobalSection(SolutionProperties) = preSolution
		HideSolutionNode = FALSE
	EndGlobalSection
	GlobalSection(ExtensibilityGlobals) = postSolution
		SolutionGuid = {F2A93155-DED4-4B0F-94D5-97E61ED82184}
	EndGlobalSection
EndGlobal
